
Microsoft Visual Studio Solution File, Format Version 12.00
# Visual Studio Version 17
VisualStudioVersion = 17.2.32630.192
MinimumVisualStudioVersion = 10.0.40219.1
Project("{9A19103F-16F7-4668-BE54-9A1E7A4F7556}") = "CSite", "CSite\CSite.csproj", "{41E8BAED-BDFD-42A5-AFD4-90C63204940A}"
EndProject
Project("{9A19103F-16F7-4668-BE54-9A1E7A4F7556}") = "CSite.Shared", "CSite.Shared\CSite.Shared.csproj", "{35BE82E6-659A-498E-B03D-8B4F49CDB67B}"
EndProject
Project("{9A19103F-16F7-4668-BE54-9A1E7A4F7556}") = "CSite.Identity", "CSite.Identity\CSite.Identity.csproj", "{F17DC377-4C41-43DD-8D84-97A6CD8A6E93}"
EndProject
Project("{FAE04EC0-301F-11D3-BF4B-00C04F79EFBC}") = "CSite.Data", "CSite.Data\CSite.Data.csproj", "{8155D41C-D233-4AF0-8581-FD5220FF89D4}"
EndProject
Global
	GlobalSection(SolutionConfigurationPlatforms) = preSolution
		Debug|Any CPU = Debug|Any CPU
		Release|Any CPU = Release|Any CPU
	EndGlobalSection
	GlobalSection(ProjectConfigurationPlatforms) = postSolution
		{41E8BAED-BDFD-42A5-AFD4-90C63204940A}.Debug|Any CPU.ActiveCfg = Debug|Any CPU
		{41E8BAED-BDFD-42A5-AFD4-90C63204940A}.Debug|Any CPU.Build.0 = Debug|Any CPU
		{41E8BAED-BDFD-42A5-AFD4-90C63204940A}.Release|Any CPU.ActiveCfg = Release|Any CPU
		{41E8BAED-BDFD-42A5-AFD4-90C63204940A}.Release|Any CPU.Build.0 = Release|Any CPU
		{35BE82E6-659A-498E-B03D-8B4F49CDB67B}.Debug|Any CPU.ActiveCfg = Debug|Any CPU
		{35BE82E6-659A-498E-B03D-8B4F49CDB67B}.Debug|Any CPU.Build.0 = Debug|Any CPU
		{35BE82E6-659A-498E-B03D-8B4F49CDB67B}.Release|Any CPU.ActiveCfg = Release|Any CPU
		{35BE82E6-659A-498E-B03D-8B4F49CDB67B}.Release|Any CPU.Build.0 = Release|Any CPU
		{F17DC377-4C41-43DD-8D84-97A6CD8A6E93}.Debug|Any CPU.ActiveCfg = Debug|Any CPU
		{F17DC377-4C41-43DD-8D84-97A6CD8A6E93}.Debug|Any CPU.Build.0 = Debug|Any CPU
		{F17DC377-4C41-43DD-8D84-97A6CD8A6E93}.Release|Any CPU.ActiveCfg = Release|Any CPU
		{F17DC377-4C41-43DD-8D84-97A6CD8A6E93}.Release|Any CPU.Build.0 = Release|Any CPU
		{8155D41C-D233-4AF0-8581-FD5220FF89D4}.Debug|Any CPU.ActiveCfg = Debug|Any CPU
		{8155D41C-D233-4AF0-8581-FD5220FF89D4}.Debug|Any CPU.Build.0 = Debug|Any CPU
		{8155D41C-D233-4AF0-8581-FD5220FF89D4}.Release|Any CPU.ActiveCfg = Release|Any CPU
		{8155D41C-D233-4AF0-8581-FD5220FF89D4}.Release|Any CPU.Build.0 = Release|Any CPU
	EndGlobalSection
	GlobalSection(SolutionProperties) = preSolution
		HideSolutionNode = FALSE
	EndGlobalSection
	GlobalSection(ExtensibilityGlobals) = postSolution
		SolutionGuid = {29881E8B-F4E3-4393-82BC-6CEDC5E5859B}
	EndGlobalSection
EndGlobal
